
Microsoft Visual Studio Solution File, Format Version 12.00
# Visual Studio Version 17
VisualStudioVersion = 17.7.34031.279
MinimumVisualStudioVersion = 10.0.40219.1
Project("{2150E333-8FDC-42A3-9474-1A3956D46DE8}") = "Порождающие паттерны", "Порождающие паттерны", "{7160C36B-0EE6-4FEA-BBB1-8D4750979DB8}"
EndProject
Project("{2150E333-8FDC-42A3-9474-1A3956D46DE8}") = "Паттерны поведения", "Паттерны поведения", "{66C7A02C-2376-48DC-80FE-160AAE06D1C6}"
EndProject
Project("{2150E333-8FDC-42A3-9474-1A3956D46DE8}") = "Структурные паттерны", "Структурные паттерны", "{1FEB55AF-B739-4CCD-A478-512B1AFD22ED}"
EndProject
Project("{2150E333-8FDC-42A3-9474-1A3956D46DE8}") = "Solution Items", "Solution Items", "{215E57B1-8A0C-4750-AC6F-892FDE98907D}"
	ProjectSection(SolutionItems) = preProject
		.editorconfig = .editorconfig
	EndProjectSection
EndProject
Project("{2150E333-8FDC-42A3-9474-1A3956D46DE8}") = "SOLID", "SOLID", "{70618137-7A1A-4C36-BCDD-8D4B40C59F99}"
EndProject
Project("{9A19103F-16F7-4668-BE54-9A1E7A4F7556}") = "DependencyInversionPrinciple", "SOLID\DependencyInversionPrinciple\DependencyInversionPrinciple.csproj", "{F2FA78C9-7BDA-407F-B94C-C4B9689BE52D}"
EndProject
Project("{9A19103F-16F7-4668-BE54-9A1E7A4F7556}") = "InterfaceSegregationPrinciple", "SOLID\InterfaceSegregationPrinciple\InterfaceSegregationPrinciple.csproj", "{D961A97F-A3A2-4C53-9F7A-18BC85009CF8}"
EndProject
Project("{9A19103F-16F7-4668-BE54-9A1E7A4F7556}") = "LiskovSubstitutionPrinciple", "SOLID\LiskovSubstitutionPrinciple\LiskovSubstitutionPrinciple.csproj", "{47FC6691-C48A-4B0F-8583-4BED0F0D6F1E}"
EndProject
Project("{9A19103F-16F7-4668-BE54-9A1E7A4F7556}") = "OpenClosedPrinciple", "SOLID\OpenClosedPrinciple\OpenClosedPrinciple.csproj", "{A3963F41-733E-496A-A962-2D847EA6D3E3}"
EndProject
Project("{9A19103F-16F7-4668-BE54-9A1E7A4F7556}") = "ObserverPattern", "Паттерны поведения\ObserverPattern\ObserverPattern.csproj", "{99330650-91CD-459F-8E3E-CA0C7019CE21}"
EndProject
Project("{9A19103F-16F7-4668-BE54-9A1E7A4F7556}") = "StrategyPattern", "Паттерны поведения\StrategyPattern\StrategyPattern.csproj", "{0D7D0253-C5A1-43BD-AF05-66EDF39D57DB}"
EndProject
Project("{9A19103F-16F7-4668-BE54-9A1E7A4F7556}") = "AbstractFactory", "Порождающие паттерны\AbstractFactory\AbstractFactory.csproj", "{8235A689-2E14-420A-BC8A-60FDC157B943}"
EndProject
Project("{9A19103F-16F7-4668-BE54-9A1E7A4F7556}") = "FactoryPattern", "Порождающие паттерны\FactoryPattern\FactoryPattern.csproj", "{F0AB9329-43FC-465B-BEFC-19406C732609}"
EndProject
Project("{9A19103F-16F7-4668-BE54-9A1E7A4F7556}") = "DecoratorPattern", "Структурные паттерны\DecoratorPattern\DecoratorPattern.csproj", "{5BEEE10D-7295-4449-B8A5-8A07A21AA1E4}"
EndProject
Project("{9A19103F-16F7-4668-BE54-9A1E7A4F7556}") = "SingleResponsibilityPrinciple", "SOLID\SingleResponsibilityPrinciple\SingleResponsibilityPrinciple.csproj", "{A03FCD74-588C-48FB-8A21-DBAFC09C13E1}"
EndProject
Project("{9A19103F-16F7-4668-BE54-9A1E7A4F7556}") = "TemplateMethod", "Паттерны поведения\TemplateMethod\TemplateMethod.csproj", "{19AC2BB4-EEB1-4467-B7CE-209EFCDD0835}"
EndProject
Project("{FAE04EC0-301F-11D3-BF4B-00C04F79EFBC}") = "Singleton", "Порождающие паттерны\Singleton\Singleton.csproj", "{EFDD4640-C239-4838-907B-45DEA2C9B107}"
EndProject
Global
	GlobalSection(SolutionConfigurationPlatforms) = preSolution
		Debug|Any CPU = Debug|Any CPU
		Release|Any CPU = Release|Any CPU
	EndGlobalSection
	GlobalSection(ProjectConfigurationPlatforms) = postSolution
		{F2FA78C9-7BDA-407F-B94C-C4B9689BE52D}.Debug|Any CPU.ActiveCfg = Debug|Any CPU
		{F2FA78C9-7BDA-407F-B94C-C4B9689BE52D}.Debug|Any CPU.Build.0 = Debug|Any CPU
		{F2FA78C9-7BDA-407F-B94C-C4B9689BE52D}.Release|Any CPU.ActiveCfg = Release|Any CPU
		{F2FA78C9-7BDA-407F-B94C-C4B9689BE52D}.Release|Any CPU.Build.0 = Release|Any CPU
		{D961A97F-A3A2-4C53-9F7A-18BC85009CF8}.Debug|Any CPU.ActiveCfg = Debug|Any CPU
		{D961A97F-A3A2-4C53-9F7A-18BC85009CF8}.Debug|Any CPU.Build.0 = Debug|Any CPU
		{D961A97F-A3A2-4C53-9F7A-18BC85009CF8}.Release|Any CPU.ActiveCfg = Release|Any CPU
		{D961A97F-A3A2-4C53-9F7A-18BC85009CF8}.Release|Any CPU.Build.0 = Release|Any CPU
		{47FC6691-C48A-4B0F-8583-4BED0F0D6F1E}.Debug|Any CPU.ActiveCfg = Debug|Any CPU
		{47FC6691-C48A-4B0F-8583-4BED0F0D6F1E}.Debug|Any CPU.Build.0 = Debug|Any CPU
		{47FC6691-C48A-4B0F-8583-4BED0F0D6F1E}.Release|Any CPU.ActiveCfg = Release|Any CPU
		{47FC6691-C48A-4B0F-8583-4BED0F0D6F1E}.Release|Any CPU.Build.0 = Release|Any CPU
		{A3963F41-733E-496A-A962-2D847EA6D3E3}.Debug|Any CPU.ActiveCfg = Debug|Any CPU
		{A3963F41-733E-496A-A962-2D847EA6D3E3}.Debug|Any CPU.Build.0 = Debug|Any CPU
		{A3963F41-733E-496A-A962-2D847EA6D3E3}.Release|Any CPU.ActiveCfg = Release|Any CPU
		{A3963F41-733E-496A-A962-2D847EA6D3E3}.Release|Any CPU.Build.0 = Release|Any CPU
		{99330650-91CD-459F-8E3E-CA0C7019CE21}.Debug|Any CPU.ActiveCfg = Debug|Any CPU
		{99330650-91CD-459F-8E3E-CA0C7019CE21}.Debug|Any CPU.Build.0 = Debug|Any CPU
		{99330650-91CD-459F-8E3E-CA0C7019CE21}.Release|Any CPU.ActiveCfg = Release|Any CPU
		{99330650-91CD-459F-8E3E-CA0C7019CE21}.Release|Any CPU.Build.0 = Release|Any CPU
		{0D7D0253-C5A1-43BD-AF05-66EDF39D57DB}.Debug|Any CPU.ActiveCfg = Debug|Any CPU
		{0D7D0253-C5A1-43BD-AF05-66EDF39D57DB}.Debug|Any CPU.Build.0 = Debug|Any CPU
		{0D7D0253-C5A1-43BD-AF05-66EDF39D57DB}.Release|Any CPU.ActiveCfg = Release|Any CPU
		{0D7D0253-C5A1-43BD-AF05-66EDF39D57DB}.Release|Any CPU.Build.0 = Release|Any CPU
		{8235A689-2E14-420A-BC8A-60FDC157B943}.Debug|Any CPU.ActiveCfg = Debug|Any CPU
		{8235A689-2E14-420A-BC8A-60FDC157B943}.Debug|Any CPU.Build.0 = Debug|Any CPU
		{8235A689-2E14-420A-BC8A-60FDC157B943}.Release|Any CPU.ActiveCfg = Release|Any CPU
		{8235A689-2E14-420A-BC8A-60FDC157B943}.Release|Any CPU.Build.0 = Release|Any CPU
		{F0AB9329-43FC-465B-BEFC-19406C732609}.Debug|Any CPU.ActiveCfg = Debug|Any CPU
		{F0AB9329-43FC-465B-BEFC-19406C732609}.Debug|Any CPU.Build.0 = Debug|Any CPU
		{F0AB9329-43FC-465B-BEFC-19406C732609}.Release|Any CPU.ActiveCfg = Release|Any CPU
		{F0AB9329-43FC-465B-BEFC-19406C732609}.Release|Any CPU.Build.0 = Release|Any CPU
		{5BEEE10D-7295-4449-B8A5-8A07A21AA1E4}.Debug|Any CPU.ActiveCfg = Debug|Any CPU
		{5BEEE10D-7295-4449-B8A5-8A07A21AA1E4}.Debug|Any CPU.Build.0 = Debug|Any CPU
		{5BEEE10D-7295-4449-B8A5-8A07A21AA1E4}.Release|Any CPU.ActiveCfg = Release|Any CPU
		{5BEEE10D-7295-4449-B8A5-8A07A21AA1E4}.Release|Any CPU.Build.0 = Release|Any CPU
		{A03FCD74-588C-48FB-8A21-DBAFC09C13E1}.Debug|Any CPU.ActiveCfg = Debug|Any CPU
		{A03FCD74-588C-48FB-8A21-DBAFC09C13E1}.Debug|Any CPU.Build.0 = Debug|Any CPU
		{A03FCD74-588C-48FB-8A21-DBAFC09C13E1}.Release|Any CPU.ActiveCfg = Release|Any CPU
		{A03FCD74-588C-48FB-8A21-DBAFC09C13E1}.Release|Any CPU.Build.0 = Release|Any CPU
		{19AC2BB4-EEB1-4467-B7CE-209EFCDD0835}.Debug|Any CPU.ActiveCfg = Debug|Any CPU
		{19AC2BB4-EEB1-4467-B7CE-209EFCDD0835}.Debug|Any CPU.Build.0 = Debug|Any CPU
		{19AC2BB4-EEB1-4467-B7CE-209EFCDD0835}.Release|Any CPU.ActiveCfg = Release|Any CPU
		{19AC2BB4-EEB1-4467-B7CE-209EFCDD0835}.Release|Any CPU.Build.0 = Release|Any CPU
		{EFDD4640-C239-4838-907B-45DEA2C9B107}.Debug|Any CPU.ActiveCfg = Debug|Any CPU
		{EFDD4640-C239-4838-907B-45DEA2C9B107}.Debug|Any CPU.Build.0 = Debug|Any CPU
		{EFDD4640-C239-4838-907B-45DEA2C9B107}.Release|Any CPU.ActiveCfg = Release|Any CPU
		{EFDD4640-C239-4838-907B-45DEA2C9B107}.Release|Any CPU.Build.0 = Release|Any CPU
	EndGlobalSection
	GlobalSection(SolutionProperties) = preSolution
		HideSolutionNode = FALSE
	EndGlobalSection
	GlobalSection(NestedProjects) = preSolution
		{F2FA78C9-7BDA-407F-B94C-C4B9689BE52D} = {70618137-7A1A-4C36-BCDD-8D4B40C59F99}
		{D961A97F-A3A2-4C53-9F7A-18BC85009CF8} = {70618137-7A1A-4C36-BCDD-8D4B40C59F99}
		{47FC6691-C48A-4B0F-8583-4BED0F0D6F1E} = {70618137-7A1A-4C36-BCDD-8D4B40C59F99}
		{A3963F41-733E-496A-A962-2D847EA6D3E3} = {70618137-7A1A-4C36-BCDD-8D4B40C59F99}
		{99330650-91CD-459F-8E3E-CA0C7019CE21} = {66C7A02C-2376-48DC-80FE-160AAE06D1C6}
		{0D7D0253-C5A1-43BD-AF05-66EDF39D57DB} = {66C7A02C-2376-48DC-80FE-160AAE06D1C6}
		{8235A689-2E14-420A-BC8A-60FDC157B943} = {7160C36B-0EE6-4FEA-BBB1-8D4750979DB8}
		{F0AB9329-43FC-465B-BEFC-19406C732609} = {7160C36B-0EE6-4FEA-BBB1-8D4750979DB8}
		{5BEEE10D-7295-4449-B8A5-8A07A21AA1E4} = {1FEB55AF-B739-4CCD-A478-512B1AFD22ED}
		{A03FCD74-588C-48FB-8A21-DBAFC09C13E1} = {70618137-7A1A-4C36-BCDD-8D4B40C59F99}
		{19AC2BB4-EEB1-4467-B7CE-209EFCDD0835} = {66C7A02C-2376-48DC-80FE-160AAE06D1C6}
		{EFDD4640-C239-4838-907B-45DEA2C9B107} = {7160C36B-0EE6-4FEA-BBB1-8D4750979DB8}
	EndGlobalSection
	GlobalSection(ExtensibilityGlobals) = postSolution
		SolutionGuid = {3FCAC696-416B-49C4-9541-69E17B27E868}
	EndGlobalSection
EndGlobal
