
Microsoft Visual Studio Solution File, Format Version 12.00
# Visual Studio Version 17
VisualStudioVersion = 17.7.34031.279
MinimumVisualStudioVersion = 10.0.40219.1
Project("{9A19103F-16F7-4668-BE54-9A1E7A4F7556}") = "StrategyPattern", "StrategyPattern\StrategyPattern.csproj", "{D369CA47-35BA-4FBF-95A2-C04BB534D1BA}"
EndProject
Project("{9A19103F-16F7-4668-BE54-9A1E7A4F7556}") = "ObserverPattern", "ObserverPattern\ObserverPattern.csproj", "{A647C05A-712C-48E2-8D5A-1A4B050CCF1F}"
EndProject
Project("{9A19103F-16F7-4668-BE54-9A1E7A4F7556}") = "FactoryPattern", "FactoryPattern\FactoryPattern.csproj", "{E84CBF41-DED1-4060-82C0-320C0999D41A}"
EndProject
Project("{9A19103F-16F7-4668-BE54-9A1E7A4F7556}") = "AbstractFactory", "AbstractFactory\AbstractFactory.csproj", "{681ADCDA-AE02-4723-99BA-428A6C2060AB}"
EndProject
Project("{2150E333-8FDC-42A3-9474-1A3956D46DE8}") = "Порождающие паттерны", "Порождающие паттерны", "{7160C36B-0EE6-4FEA-BBB1-8D4750979DB8}"
EndProject
Project("{2150E333-8FDC-42A3-9474-1A3956D46DE8}") = "Паттерны поведения", "Паттерны поведения", "{66C7A02C-2376-48DC-80FE-160AAE06D1C6}"
EndProject
Project("{2150E333-8FDC-42A3-9474-1A3956D46DE8}") = "Структурные паттерны", "Структурные паттерны", "{1FEB55AF-B739-4CCD-A478-512B1AFD22ED}"
EndProject
Project("{9A19103F-16F7-4668-BE54-9A1E7A4F7556}") = "DecoratorPattern", "DecoratorPattern\DecoratorPattern.csproj", "{2D0D8114-2C90-43C1-A6CE-E6736164BE50}"
EndProject
Project("{2150E333-8FDC-42A3-9474-1A3956D46DE8}") = "Solution Items", "Solution Items", "{215E57B1-8A0C-4750-AC6F-892FDE98907D}"
	ProjectSection(SolutionItems) = preProject
		.editorconfig = .editorconfig
	EndProjectSection
EndProject
Project("{2150E333-8FDC-42A3-9474-1A3956D46DE8}") = "SOLID", "SOLID", "{70618137-7A1A-4C36-BCDD-8D4B40C59F99}"
EndProject
Project("{FAE04EC0-301F-11D3-BF4B-00C04F79EFBC}") = "SingleResponsibilityPrinciple", "SingleResponsibilityPrinciple\SingleResponsibilityPrinciple.csproj", "{F6B9C677-F610-4693-AC39-C1C07C8C11FD}"
EndProject
Project("{FAE04EC0-301F-11D3-BF4B-00C04F79EFBC}") = "OpenClosedPrinciple", "OpenClosedPrinciple\OpenClosedPrinciple.csproj", "{DD488A21-A402-4CB3-A4B8-6B034DF8E97E}"
EndProject
Project("{FAE04EC0-301F-11D3-BF4B-00C04F79EFBC}") = "LiskovSubstitutionPrinciple", "LiskovSubstitutionPrinciple\LiskovSubstitutionPrinciple.csproj", "{58BA8F7C-DEA3-44C9-813F-8FE1F0406709}"
EndProject
Project("{FAE04EC0-301F-11D3-BF4B-00C04F79EFBC}") = "InterfaceSegregationPrinciple", "InterfaceSegregationPrinciple\InterfaceSegregationPrinciple.csproj", "{C151BBC9-3003-43DD-8290-E6DABE602CC3}"
EndProject
Project("{FAE04EC0-301F-11D3-BF4B-00C04F79EFBC}") = "DependencyInversionPrinciple", "DependencyInversionPrinciple\DependencyInversionPrinciple.csproj", "{7F9D6784-1B09-4A65-BA84-41C4197118C3}"
EndProject
Global
	GlobalSection(SolutionConfigurationPlatforms) = preSolution
		Debug|Any CPU = Debug|Any CPU
		Release|Any CPU = Release|Any CPU
	EndGlobalSection
	GlobalSection(ProjectConfigurationPlatforms) = postSolution
		{D369CA47-35BA-4FBF-95A2-C04BB534D1BA}.Debug|Any CPU.ActiveCfg = Debug|Any CPU
		{D369CA47-35BA-4FBF-95A2-C04BB534D1BA}.Debug|Any CPU.Build.0 = Debug|Any CPU
		{D369CA47-35BA-4FBF-95A2-C04BB534D1BA}.Release|Any CPU.ActiveCfg = Release|Any CPU
		{D369CA47-35BA-4FBF-95A2-C04BB534D1BA}.Release|Any CPU.Build.0 = Release|Any CPU
		{A647C05A-712C-48E2-8D5A-1A4B050CCF1F}.Debug|Any CPU.ActiveCfg = Debug|Any CPU
		{A647C05A-712C-48E2-8D5A-1A4B050CCF1F}.Debug|Any CPU.Build.0 = Debug|Any CPU
		{A647C05A-712C-48E2-8D5A-1A4B050CCF1F}.Release|Any CPU.ActiveCfg = Release|Any CPU
		{A647C05A-712C-48E2-8D5A-1A4B050CCF1F}.Release|Any CPU.Build.0 = Release|Any CPU
		{E84CBF41-DED1-4060-82C0-320C0999D41A}.Debug|Any CPU.ActiveCfg = Debug|Any CPU
		{E84CBF41-DED1-4060-82C0-320C0999D41A}.Debug|Any CPU.Build.0 = Debug|Any CPU
		{E84CBF41-DED1-4060-82C0-320C0999D41A}.Release|Any CPU.ActiveCfg = Release|Any CPU
		{E84CBF41-DED1-4060-82C0-320C0999D41A}.Release|Any CPU.Build.0 = Release|Any CPU
		{681ADCDA-AE02-4723-99BA-428A6C2060AB}.Debug|Any CPU.ActiveCfg = Debug|Any CPU
		{681ADCDA-AE02-4723-99BA-428A6C2060AB}.Debug|Any CPU.Build.0 = Debug|Any CPU
		{681ADCDA-AE02-4723-99BA-428A6C2060AB}.Release|Any CPU.ActiveCfg = Release|Any CPU
		{681ADCDA-AE02-4723-99BA-428A6C2060AB}.Release|Any CPU.Build.0 = Release|Any CPU
		{2D0D8114-2C90-43C1-A6CE-E6736164BE50}.Debug|Any CPU.ActiveCfg = Debug|Any CPU
		{2D0D8114-2C90-43C1-A6CE-E6736164BE50}.Debug|Any CPU.Build.0 = Debug|Any CPU
		{2D0D8114-2C90-43C1-A6CE-E6736164BE50}.Release|Any CPU.ActiveCfg = Release|Any CPU
		{2D0D8114-2C90-43C1-A6CE-E6736164BE50}.Release|Any CPU.Build.0 = Release|Any CPU
		{F6B9C677-F610-4693-AC39-C1C07C8C11FD}.Debug|Any CPU.ActiveCfg = Debug|Any CPU
		{F6B9C677-F610-4693-AC39-C1C07C8C11FD}.Debug|Any CPU.Build.0 = Debug|Any CPU
		{F6B9C677-F610-4693-AC39-C1C07C8C11FD}.Release|Any CPU.ActiveCfg = Release|Any CPU
		{F6B9C677-F610-4693-AC39-C1C07C8C11FD}.Release|Any CPU.Build.0 = Release|Any CPU
		{DD488A21-A402-4CB3-A4B8-6B034DF8E97E}.Debug|Any CPU.ActiveCfg = Debug|Any CPU
		{DD488A21-A402-4CB3-A4B8-6B034DF8E97E}.Debug|Any CPU.Build.0 = Debug|Any CPU
		{DD488A21-A402-4CB3-A4B8-6B034DF8E97E}.Release|Any CPU.ActiveCfg = Release|Any CPU
		{DD488A21-A402-4CB3-A4B8-6B034DF8E97E}.Release|Any CPU.Build.0 = Release|Any CPU
		{58BA8F7C-DEA3-44C9-813F-8FE1F0406709}.Debug|Any CPU.ActiveCfg = Debug|Any CPU
		{58BA8F7C-DEA3-44C9-813F-8FE1F0406709}.Debug|Any CPU.Build.0 = Debug|Any CPU
		{58BA8F7C-DEA3-44C9-813F-8FE1F0406709}.Release|Any CPU.ActiveCfg = Release|Any CPU
		{58BA8F7C-DEA3-44C9-813F-8FE1F0406709}.Release|Any CPU.Build.0 = Release|Any CPU
		{C151BBC9-3003-43DD-8290-E6DABE602CC3}.Debug|Any CPU.ActiveCfg = Debug|Any CPU
		{C151BBC9-3003-43DD-8290-E6DABE602CC3}.Debug|Any CPU.Build.0 = Debug|Any CPU
		{C151BBC9-3003-43DD-8290-E6DABE602CC3}.Release|Any CPU.ActiveCfg = Release|Any CPU
		{C151BBC9-3003-43DD-8290-E6DABE602CC3}.Release|Any CPU.Build.0 = Release|Any CPU
		{7F9D6784-1B09-4A65-BA84-41C4197118C3}.Debug|Any CPU.ActiveCfg = Debug|Any CPU
		{7F9D6784-1B09-4A65-BA84-41C4197118C3}.Debug|Any CPU.Build.0 = Debug|Any CPU
		{7F9D6784-1B09-4A65-BA84-41C4197118C3}.Release|Any CPU.ActiveCfg = Release|Any CPU
		{7F9D6784-1B09-4A65-BA84-41C4197118C3}.Release|Any CPU.Build.0 = Release|Any CPU
	EndGlobalSection
	GlobalSection(SolutionProperties) = preSolution
		HideSolutionNode = FALSE
	EndGlobalSection
	GlobalSection(NestedProjects) = preSolution
		{D369CA47-35BA-4FBF-95A2-C04BB534D1BA} = {66C7A02C-2376-48DC-80FE-160AAE06D1C6}
		{A647C05A-712C-48E2-8D5A-1A4B050CCF1F} = {66C7A02C-2376-48DC-80FE-160AAE06D1C6}
		{E84CBF41-DED1-4060-82C0-320C0999D41A} = {7160C36B-0EE6-4FEA-BBB1-8D4750979DB8}
		{681ADCDA-AE02-4723-99BA-428A6C2060AB} = {7160C36B-0EE6-4FEA-BBB1-8D4750979DB8}
		{2D0D8114-2C90-43C1-A6CE-E6736164BE50} = {1FEB55AF-B739-4CCD-A478-512B1AFD22ED}
		{F6B9C677-F610-4693-AC39-C1C07C8C11FD} = {70618137-7A1A-4C36-BCDD-8D4B40C59F99}
		{DD488A21-A402-4CB3-A4B8-6B034DF8E97E} = {70618137-7A1A-4C36-BCDD-8D4B40C59F99}
		{58BA8F7C-DEA3-44C9-813F-8FE1F0406709} = {70618137-7A1A-4C36-BCDD-8D4B40C59F99}
		{C151BBC9-3003-43DD-8290-E6DABE602CC3} = {70618137-7A1A-4C36-BCDD-8D4B40C59F99}
		{7F9D6784-1B09-4A65-BA84-41C4197118C3} = {70618137-7A1A-4C36-BCDD-8D4B40C59F99}
	EndGlobalSection
	GlobalSection(ExtensibilityGlobals) = postSolution
		SolutionGuid = {3FCAC696-416B-49C4-9541-69E17B27E868}
	EndGlobalSection
EndGlobal
